
Microsoft Visual Studio Solution File, Format Version 12.00
Project("{FAE04EC0-301F-11D3-BF4B-00C04F79EFBC}") = "mind-your-money-api", "mind-your-money-api\mind-your-money-api.csproj", "{BD591F21-DD37-490D-8027-4446BC93EB9D}"
EndProject
Project("{FAE04EC0-301F-11D3-BF4B-00C04F79EFBC}") = "mind-your-money-domain", "mind-your-money-domain\mind-your-money-domain.csproj", "{1DEAE02E-4E74-44B7-BEDB-A93F0CF40BFB}"
EndProject
Global
	GlobalSection(SolutionConfigurationPlatforms) = preSolution
		Debug|Any CPU = Debug|Any CPU
		Release|Any CPU = Release|Any CPU
	EndGlobalSection
	GlobalSection(ProjectConfigurationPlatforms) = postSolution
		{BD591F21-DD37-490D-8027-4446BC93EB9D}.Debug|Any CPU.ActiveCfg = Debug|Any CPU
		{BD591F21-DD37-490D-8027-4446BC93EB9D}.Debug|Any CPU.Build.0 = Debug|Any CPU
		{BD591F21-DD37-490D-8027-4446BC93EB9D}.Release|Any CPU.ActiveCfg = Release|Any CPU
		{BD591F21-DD37-490D-8027-4446BC93EB9D}.Release|Any CPU.Build.0 = Release|Any CPU
		{1DEAE02E-4E74-44B7-BEDB-A93F0CF40BFB}.Debug|Any CPU.ActiveCfg = Debug|Any CPU
		{1DEAE02E-4E74-44B7-BEDB-A93F0CF40BFB}.Debug|Any CPU.Build.0 = Debug|Any CPU
		{1DEAE02E-4E74-44B7-BEDB-A93F0CF40BFB}.Release|Any CPU.ActiveCfg = Release|Any CPU
		{1DEAE02E-4E74-44B7-BEDB-A93F0CF40BFB}.Release|Any CPU.Build.0 = Release|Any CPU
	EndGlobalSection
EndGlobal
